
Microsoft Visual Studio Solution File, Format Version 12.00
# Visual Studio Version 17
VisualStudioVersion = 17.7.34031.279
MinimumVisualStudioVersion = 10.0.40219.1
Project("{8BC9CEB8-8B4A-11D0-8D11-00A0C91BC942}") = "lab04", "lab04.vcxproj", "{FDAA9785-548B-4F0F-90F2-DBF783965F69}"
EndProject
Global
	GlobalSection(SolutionConfigurationPlatforms) = preSolution
		Debug|x64 = Debug|x64
		Debug|x86 = Debug|x86
		Release|x64 = Release|x64
		Release|x86 = Release|x86
	EndGlobalSection
	GlobalSection(ProjectConfigurationPlatforms) = postSolution
		{FDAA9785-548B-4F0F-90F2-DBF783965F69}.Debug|x64.ActiveCfg = Debug|x64
		{FDAA9785-548B-4F0F-90F2-DBF783965F69}.Debug|x64.Build.0 = Debug|x64
		{FDAA9785-548B-4F0F-90F2-DBF783965F69}.Debug|x86.ActiveCfg = Debug|Win32
		{FDAA9785-548B-4F0F-90F2-DBF783965F69}.Debug|x86.Build.0 = Debug|Win32
		{FDAA9785-548B-4F0F-90F2-DBF783965F69}.Release|x64.ActiveCfg = Release|x64
		{FDAA9785-548B-4F0F-90F2-DBF783965F69}.Release|x64.Build.0 = Release|x64
		{FDAA9785-548B-4F0F-90F2-DBF783965F69}.Release|x86.ActiveCfg = Release|Win32
		{FDAA9785-548B-4F0F-90F2-DBF783965F69}.Release|x86.Build.0 = Release|Win32
	EndGlobalSection
	GlobalSection(SolutionProperties) = preSolution
		HideSolutionNode = FALSE
	EndGlobalSection
	GlobalSection(ExtensibilityGlobals) = postSolution
		SolutionGuid = {42FC4312-17B1-4B02-8ABF-F4D595C1C6CF}
	EndGlobalSection
EndGlobal
